{
  "name": "sample-esm-node-package-consumer",
  "version": "0.0.1",
  "lockfileVersion": 1,
  "requires": true,
  "dependencies": {
    "sample-esm-node-package": {
      "version": "0.0.4",
      "resolved": "https://registry.npmjs.org/sample-esm-node-package/-/sample-esm-node-package-0.0.4.tgz",
      "integrity": "sha512-w3rphgWRacy4kqtv7GAvh2F0tWMhGtOhNUao2rQ8semBc1UuXFdgHHJW0Nczkk1Sq07uHWrsr5AW2HzVFqmlWw=="
    }
  }
}
